
Microsoft Visual Studio Solution File, Format Version 12.00
# Visual Studio 15
VisualStudioVersion = 15.0.28307.960
MinimumVisualStudioVersion = 10.0.40219.1
Project("{FAE04EC0-301F-11D3-BF4B-00C04F79EFBC}") = "PS.Game.Domain", "PS.Game.Domain\PS.Game.Domain.csproj", "{DBA9268F-15E5-44F2-868D-C97784690D3F}"
EndProject
Project("{FAE04EC0-301F-11D3-BF4B-00C04F79EFBC}") = "PS.Game.Persistance", "PS.Game.Persistance\PS.Game.Persistance.csproj", "{C659368B-105C-4A9C-956F-6D4EED885EDE}"
EndProject
Project("{FAE04EC0-301F-11D3-BF4B-00C04F79EFBC}") = "PS.Game.Application", "PS.Game.Application\PS.Game.Application.csproj", "{CCDD7237-F14F-4414-A776-F65645969E97}"
EndProject
Project("{FAE04EC0-301F-11D3-BF4B-00C04F79EFBC}") = "PS.Game.API", "PS.Game.API\PS.Game.API.csproj", "{D5877BB2-DA3D-4A6F-B6A1-CED391A49D24}"
EndProject
Global
	GlobalSection(SolutionConfigurationPlatforms) = preSolution
		Debug|Any CPU = Debug|Any CPU
		Release|Any CPU = Release|Any CPU
	EndGlobalSection
	GlobalSection(ProjectConfigurationPlatforms) = postSolution
		{DBA9268F-15E5-44F2-868D-C97784690D3F}.Debug|Any CPU.ActiveCfg = Debug|Any CPU
		{DBA9268F-15E5-44F2-868D-C97784690D3F}.Debug|Any CPU.Build.0 = Debug|Any CPU
		{DBA9268F-15E5-44F2-868D-C97784690D3F}.Release|Any CPU.ActiveCfg = Release|Any CPU
		{DBA9268F-15E5-44F2-868D-C97784690D3F}.Release|Any CPU.Build.0 = Release|Any CPU
		{C659368B-105C-4A9C-956F-6D4EED885EDE}.Debug|Any CPU.ActiveCfg = Debug|Any CPU
		{C659368B-105C-4A9C-956F-6D4EED885EDE}.Debug|Any CPU.Build.0 = Debug|Any CPU
		{C659368B-105C-4A9C-956F-6D4EED885EDE}.Release|Any CPU.ActiveCfg = Release|Any CPU
		{C659368B-105C-4A9C-956F-6D4EED885EDE}.Release|Any CPU.Build.0 = Release|Any CPU
		{CCDD7237-F14F-4414-A776-F65645969E97}.Debug|Any CPU.ActiveCfg = Debug|Any CPU
		{CCDD7237-F14F-4414-A776-F65645969E97}.Debug|Any CPU.Build.0 = Debug|Any CPU
		{CCDD7237-F14F-4414-A776-F65645969E97}.Release|Any CPU.ActiveCfg = Release|Any CPU
		{CCDD7237-F14F-4414-A776-F65645969E97}.Release|Any CPU.Build.0 = Release|Any CPU
		{D5877BB2-DA3D-4A6F-B6A1-CED391A49D24}.Debug|Any CPU.ActiveCfg = Debug|Any CPU
		{D5877BB2-DA3D-4A6F-B6A1-CED391A49D24}.Debug|Any CPU.Build.0 = Debug|Any CPU
		{D5877BB2-DA3D-4A6F-B6A1-CED391A49D24}.Release|Any CPU.ActiveCfg = Release|Any CPU
		{D5877BB2-DA3D-4A6F-B6A1-CED391A49D24}.Release|Any CPU.Build.0 = Release|Any CPU
	EndGlobalSection
	GlobalSection(SolutionProperties) = preSolution
		HideSolutionNode = FALSE
	EndGlobalSection
	GlobalSection(ExtensibilityGlobals) = postSolution
		SolutionGuid = {B1389A5F-B74F-423F-B679-B75940478FFF}
	EndGlobalSection
EndGlobal
